{
    "name": "goalseek",
    "version": "1.0.0",
    "lockfileVersion": 2,
    "requires": true,
    "packages": {
        "": {
            "name": "goalseek",
            "version": "1.0.0",
            "license": "ISC",
            "dependencies": {
                "goal-seek": "^0.1.4",
                "loanjs": "^1.0.8",
                "moment": "^2.29.3"
            }
        },
        "node_modules/goal-seek": {
            "version": "0.1.4",
            "resolved": "https://registry.npmjs.org/goal-seek/-/goal-seek-0.1.4.tgz",
            "integrity": "sha512-CCQeq96S3x8Ax7ZfAx3XegNUpQcWIwWtiEdVrZCSXXy06RW06qvPMy85vLpOxGTyYot9FVsQV8+Td8efK5RT5g=="
        },
        "node_modules/loanjs": {
            "version": "1.0.8",
            "resolved": "https://registry.npmjs.org/loanjs/-/loanjs-1.0.8.tgz",
            "integrity": "sha512-4yAEl7UQaesEJa9jftZfkuR/NyY3GGp+D5/OnRxuovi5Is5/3EmsyUKcu6ucZ3KULqEaMcPDK3S3a0j+r+B2UA=="
        },
        "node_modules/moment": {
            "version": "2.29.3",
            "resolved": "https://registry.npmjs.org/moment/-/moment-2.29.3.tgz",
            "integrity": "sha512-c6YRvhEo//6T2Jz/vVtYzqBzwvPT95JBQ+smCytzf7c50oMZRsR/a4w88aD34I+/QVSfnoAnSBFPJHItlOMJVw==",
            "engines": {
                "node": "*"
            }
        }
    },
    "dependencies": {
        "goal-seek": {
            "version": "0.1.4",
            "resolved": "https://registry.npmjs.org/goal-seek/-/goal-seek-0.1.4.tgz",
            "integrity": "sha512-CCQeq96S3x8Ax7ZfAx3XegNUpQcWIwWtiEdVrZCSXXy06RW06qvPMy85vLpOxGTyYot9FVsQV8+Td8efK5RT5g=="
        },
        "loanjs": {
            "version": "1.0.8",
            "resolved": "https://registry.npmjs.org/loanjs/-/loanjs-1.0.8.tgz",
            "integrity": "sha512-4yAEl7UQaesEJa9jftZfkuR/NyY3GGp+D5/OnRxuovi5Is5/3EmsyUKcu6ucZ3KULqEaMcPDK3S3a0j+r+B2UA=="
        },
        "moment": {
            "version": "2.29.3",
            "resolved": "https://registry.npmjs.org/moment/-/moment-2.29.3.tgz",
            "integrity": "sha512-c6YRvhEo//6T2Jz/vVtYzqBzwvPT95JBQ+smCytzf7c50oMZRsR/a4w88aD34I+/QVSfnoAnSBFPJHItlOMJVw=="
        }
    }
}
